
Microsoft Visual Studio Solution File, Format Version 12.00
# Visual Studio 15
Project("{FAE04EC0-301F-11D3-BF4B-00C04F79EFBC}") = "SampleJSON.Android", "SampleJSON.Android\SampleJSON.Android.csproj", "{3B138E2E-FB26-4371-83D8-4A4168DBC1F3}"
EndProject
Project("{FAE04EC0-301F-11D3-BF4B-00C04F79EFBC}") = "SampleJSON.iOS", "SampleJSON.iOS\SampleJSON.iOS.csproj", "{4A54D324-4034-4AD2-B979-2BD0DBA5A3FC}"
EndProject
Project("{FAE04EC0-301F-11D3-BF4B-00C04F79EFBC}") = "SampleJSON", "SampleJSON\SampleJSON.csproj", "{38956CF7-C383-4ECB-946C-247E608F5B2F}"
EndProject
Global
	GlobalSection(SolutionConfigurationPlatforms) = preSolution
		Debug|Any CPU = Debug|Any CPU
		Release|Any CPU = Release|Any CPU
		Debug|iPhoneSimulator = Debug|iPhoneSimulator
		Release|iPhoneSimulator = Release|iPhoneSimulator
		Debug|iPhone = Debug|iPhone
		Release|iPhone = Release|iPhone
	EndGlobalSection
	GlobalSection(ProjectConfigurationPlatforms) = postSolution
		{3B138E2E-FB26-4371-83D8-4A4168DBC1F3}.Debug|Any CPU.ActiveCfg = Debug|Any CPU
		{3B138E2E-FB26-4371-83D8-4A4168DBC1F3}.Debug|Any CPU.Build.0 = Debug|Any CPU
		{3B138E2E-FB26-4371-83D8-4A4168DBC1F3}.Release|Any CPU.ActiveCfg = Release|Any CPU
		{3B138E2E-FB26-4371-83D8-4A4168DBC1F3}.Release|Any CPU.Build.0 = Release|Any CPU
		{3B138E2E-FB26-4371-83D8-4A4168DBC1F3}.Debug|iPhoneSimulator.ActiveCfg = Debug|Any CPU
		{3B138E2E-FB26-4371-83D8-4A4168DBC1F3}.Debug|iPhoneSimulator.Build.0 = Debug|Any CPU
		{3B138E2E-FB26-4371-83D8-4A4168DBC1F3}.Release|iPhoneSimulator.ActiveCfg = Release|Any CPU
		{3B138E2E-FB26-4371-83D8-4A4168DBC1F3}.Release|iPhoneSimulator.Build.0 = Release|Any CPU
		{3B138E2E-FB26-4371-83D8-4A4168DBC1F3}.Debug|iPhone.ActiveCfg = Debug|Any CPU
		{3B138E2E-FB26-4371-83D8-4A4168DBC1F3}.Debug|iPhone.Build.0 = Debug|Any CPU
		{3B138E2E-FB26-4371-83D8-4A4168DBC1F3}.Release|iPhone.ActiveCfg = Release|Any CPU
		{3B138E2E-FB26-4371-83D8-4A4168DBC1F3}.Release|iPhone.Build.0 = Release|Any CPU
		{4A54D324-4034-4AD2-B979-2BD0DBA5A3FC}.Debug|Any CPU.ActiveCfg = Debug|iPhoneSimulator
		{4A54D324-4034-4AD2-B979-2BD0DBA5A3FC}.Debug|Any CPU.Build.0 = Debug|iPhoneSimulator
		{4A54D324-4034-4AD2-B979-2BD0DBA5A3FC}.Release|Any CPU.ActiveCfg = Release|iPhoneSimulator
		{4A54D324-4034-4AD2-B979-2BD0DBA5A3FC}.Release|Any CPU.Build.0 = Release|iPhoneSimulator
		{4A54D324-4034-4AD2-B979-2BD0DBA5A3FC}.Debug|iPhoneSimulator.ActiveCfg = Debug|iPhoneSimulator
		{4A54D324-4034-4AD2-B979-2BD0DBA5A3FC}.Debug|iPhoneSimulator.Build.0 = Debug|iPhoneSimulator
		{4A54D324-4034-4AD2-B979-2BD0DBA5A3FC}.Release|iPhoneSimulator.ActiveCfg = Release|iPhoneSimulator
		{4A54D324-4034-4AD2-B979-2BD0DBA5A3FC}.Release|iPhoneSimulator.Build.0 = Release|iPhoneSimulator
		{4A54D324-4034-4AD2-B979-2BD0DBA5A3FC}.Debug|iPhone.ActiveCfg = Debug|iPhone
		{4A54D324-4034-4AD2-B979-2BD0DBA5A3FC}.Debug|iPhone.Build.0 = Debug|iPhone
		{4A54D324-4034-4AD2-B979-2BD0DBA5A3FC}.Release|iPhone.ActiveCfg = Release|iPhone
		{4A54D324-4034-4AD2-B979-2BD0DBA5A3FC}.Release|iPhone.Build.0 = Release|iPhone
		{38956CF7-C383-4ECB-946C-247E608F5B2F}.Debug|Any CPU.ActiveCfg = Debug|Any CPU
		{38956CF7-C383-4ECB-946C-247E608F5B2F}.Debug|Any CPU.Build.0 = Debug|Any CPU
		{38956CF7-C383-4ECB-946C-247E608F5B2F}.Release|Any CPU.ActiveCfg = Release|Any CPU
		{38956CF7-C383-4ECB-946C-247E608F5B2F}.Release|Any CPU.Build.0 = Release|Any CPU
		{38956CF7-C383-4ECB-946C-247E608F5B2F}.Debug|iPhoneSimulator.ActiveCfg = Debug|Any CPU
		{38956CF7-C383-4ECB-946C-247E608F5B2F}.Debug|iPhoneSimulator.Build.0 = Debug|Any CPU
		{38956CF7-C383-4ECB-946C-247E608F5B2F}.Release|iPhoneSimulator.ActiveCfg = Release|Any CPU
		{38956CF7-C383-4ECB-946C-247E608F5B2F}.Release|iPhoneSimulator.Build.0 = Release|Any CPU
		{38956CF7-C383-4ECB-946C-247E608F5B2F}.Debug|iPhone.ActiveCfg = Debug|Any CPU
		{38956CF7-C383-4ECB-946C-247E608F5B2F}.Debug|iPhone.Build.0 = Debug|Any CPU
		{38956CF7-C383-4ECB-946C-247E608F5B2F}.Release|iPhone.ActiveCfg = Release|Any CPU
		{38956CF7-C383-4ECB-946C-247E608F5B2F}.Release|iPhone.Build.0 = Release|Any CPU
	EndGlobalSection
EndGlobal
